
Microsoft Visual Studio Solution File, Format Version 12.00
# Visual Studio Version 16
VisualStudioVersion = 16.0.31205.134
MinimumVisualStudioVersion = 10.0.40219.1
Project("{FAE04EC0-301F-11D3-BF4B-00C04F79EFBC}") = "Dev.UI.Site", "src\Dev.UI.Site\Dev.UI.Site.csproj", "{823BEC5B-7300-4D03-8E0D-720C3F5A62E4}"
EndProject
Global
	GlobalSection(SolutionConfigurationPlatforms) = preSolution
		Debug|Any CPU = Debug|Any CPU
		Release|Any CPU = Release|Any CPU
	EndGlobalSection
	GlobalSection(ProjectConfigurationPlatforms) = postSolution
		{823BEC5B-7300-4D03-8E0D-720C3F5A62E4}.Debug|Any CPU.ActiveCfg = Debug|Any CPU
		{823BEC5B-7300-4D03-8E0D-720C3F5A62E4}.Debug|Any CPU.Build.0 = Debug|Any CPU
		{823BEC5B-7300-4D03-8E0D-720C3F5A62E4}.Release|Any CPU.ActiveCfg = Release|Any CPU
		{823BEC5B-7300-4D03-8E0D-720C3F5A62E4}.Release|Any CPU.Build.0 = Release|Any CPU
	EndGlobalSection
	GlobalSection(SolutionProperties) = preSolution
		HideSolutionNode = FALSE
	EndGlobalSection
	GlobalSection(ExtensibilityGlobals) = postSolution
		SolutionGuid = {0352E5CB-0EB8-40FD-ADD4-628BB8E5ACB6}
	EndGlobalSection
EndGlobal
